
Microsoft Visual Studio Solution File, Format Version 12.00
# Visual Studio 15
VisualStudioVersion = 15.0.27004.2009
MinimumVisualStudioVersion = 10.0.40219.1
Project("{FAE04EC0-301F-11D3-BF4B-00C04F79EFBC}") = "Duck app", "Duck app\Duck app.csproj", "{8BABB5F2-6A5D-4FF3-B74D-D4EB7271E9E7}"
EndProject
Global
	GlobalSection(SolutionConfigurationPlatforms) = preSolution
		Debug|Any CPU = Debug|Any CPU
		Release|Any CPU = Release|Any CPU
	EndGlobalSection
	GlobalSection(ProjectConfigurationPlatforms) = postSolution
		{8BABB5F2-6A5D-4FF3-B74D-D4EB7271E9E7}.Debug|Any CPU.ActiveCfg = Debug|Any CPU
		{8BABB5F2-6A5D-4FF3-B74D-D4EB7271E9E7}.Debug|Any CPU.Build.0 = Debug|Any CPU
		{8BABB5F2-6A5D-4FF3-B74D-D4EB7271E9E7}.Release|Any CPU.ActiveCfg = Release|Any CPU
		{8BABB5F2-6A5D-4FF3-B74D-D4EB7271E9E7}.Release|Any CPU.Build.0 = Release|Any CPU
	EndGlobalSection
	GlobalSection(SolutionProperties) = preSolution
		HideSolutionNode = FALSE
	EndGlobalSection
	GlobalSection(ExtensibilityGlobals) = postSolution
		SolutionGuid = {EFC289E1-4AF2-471A-945B-34E40E005DD8}
	EndGlobalSection
EndGlobal
